
Microsoft Visual Studio Solution File, Format Version 12.00
# Visual Studio Version 17
VisualStudioVersion = 17.11.35327.3
MinimumVisualStudioVersion = 10.0.40219.1
Project("{9A19103F-16F7-4668-BE54-9A1E7A4F7556}") = "Simulator", "Simulator\Simulator.csproj", "{3772A91F-8FCD-43AC-A4D0-C8A8B418D06D}"
EndProject
Project("{FAE04EC0-301F-11D3-BF4B-00C04F79EFBC}") = "Runner", "Runner\Runner.csproj", "{9EE3F3E7-039A-410A-B6CF-3BE61D3CBF4E}"
EndProject
Project("{FAE04EC0-301F-11D3-BF4B-00C04F79EFBC}") = "TestSimulator", "TestSimulator\TestSimulator.csproj", "{6A9594A7-5B0F-4FB8-B79C-C4B3D7E19334}"
EndProject
Global
	GlobalSection(SolutionConfigurationPlatforms) = preSolution
		Debug|Any CPU = Debug|Any CPU
		Release|Any CPU = Release|Any CPU
	EndGlobalSection
	GlobalSection(ProjectConfigurationPlatforms) = postSolution
		{3772A91F-8FCD-43AC-A4D0-C8A8B418D06D}.Debug|Any CPU.ActiveCfg = Debug|Any CPU
		{3772A91F-8FCD-43AC-A4D0-C8A8B418D06D}.Debug|Any CPU.Build.0 = Debug|Any CPU
		{3772A91F-8FCD-43AC-A4D0-C8A8B418D06D}.Release|Any CPU.ActiveCfg = Release|Any CPU
		{3772A91F-8FCD-43AC-A4D0-C8A8B418D06D}.Release|Any CPU.Build.0 = Release|Any CPU
		{9EE3F3E7-039A-410A-B6CF-3BE61D3CBF4E}.Debug|Any CPU.ActiveCfg = Debug|Any CPU
		{9EE3F3E7-039A-410A-B6CF-3BE61D3CBF4E}.Debug|Any CPU.Build.0 = Debug|Any CPU
		{9EE3F3E7-039A-410A-B6CF-3BE61D3CBF4E}.Release|Any CPU.ActiveCfg = Release|Any CPU
		{9EE3F3E7-039A-410A-B6CF-3BE61D3CBF4E}.Release|Any CPU.Build.0 = Release|Any CPU
		{6A9594A7-5B0F-4FB8-B79C-C4B3D7E19334}.Debug|Any CPU.ActiveCfg = Debug|Any CPU
		{6A9594A7-5B0F-4FB8-B79C-C4B3D7E19334}.Debug|Any CPU.Build.0 = Debug|Any CPU
		{6A9594A7-5B0F-4FB8-B79C-C4B3D7E19334}.Release|Any CPU.ActiveCfg = Release|Any CPU
		{6A9594A7-5B0F-4FB8-B79C-C4B3D7E19334}.Release|Any CPU.Build.0 = Release|Any CPU
	EndGlobalSection
	GlobalSection(SolutionProperties) = preSolution
		HideSolutionNode = FALSE
	EndGlobalSection
	GlobalSection(ExtensibilityGlobals) = postSolution
		SolutionGuid = {E4396717-FCD8-4467-BDD4-2D083125B218}
	EndGlobalSection
EndGlobal
